PODS:
  - Flutter (1.0.0)
  - in_app_purchase_ios (0.0.1):
    - Flutter

DEPENDENCIES:
  - Flutter (from `Flutter`)
  - in_app_purchase_ios (from `.symlinks/plugins/in_app_purchase_ios/ios`)

EXTERNAL SOURCES:
  Flutter:
    :path: Flutter
  in_app_purchase_ios:
    :path: ".symlinks/plugins/in_app_purchase_ios/ios"

SPEC CHECKSUMS:
  Flutter: 434fef37c0980e73bb6479ef766c45957d4b510c
  in_app_purchase_ios: 18c65275991b8a28b2a47634a7797fb23d5d773e

PODFILE CHECKSUM: aafe91acc616949ddb318b77800a7f51bffa2a4c

COCOAPODS: 1.11.0.beta.2
